{
  "name": "synthetic-vulnerable-dependency",
  "version": "1.0.0",
  "lockfileVersion": 3,
  "requires": true,
  "packages": {
    "": {
      "name": "synthetic-vulnerable-dependency",
      "version": "1.0.0",
      "dependencies": {
        "lodash": "4.17.19"
      }
    },
    "node_modules/lodash": {
      "version": "4.17.19"
    }
  }
}
